
Microsoft Visual Studio Solution File, Format Version 12.00
# Visual Studio Version 16
VisualStudioVersion = 16.0.29025.244
MinimumVisualStudioVersion = 10.0.40219.1
Project("{FAE04EC0-301F-11D3-BF4B-00C04F79EFBC}") = "Calculator", "Calculator\Calculator.csproj", "{AF06BF69-A2E2-46A4-B363-E4D7AC28704F}"
EndProject
Project("{FAE04EC0-301F-11D3-BF4B-00C04F79EFBC}") = "Calculator.Tests", "Calculator.Tests\Calculator.Tests.csproj", "{D6F9E84B-AC7F-4C10-A3FD-DD1C77863B79}"
EndProject
Global
	GlobalSection(SolutionConfigurationPlatforms) = preSolution
		Debug|Any CPU = Debug|Any CPU
		Release|Any CPU = Release|Any CPU
	EndGlobalSection
	GlobalSection(ProjectConfigurationPlatforms) = postSolution
		{AF06BF69-A2E2-46A4-B363-E4D7AC28704F}.Debug|Any CPU.ActiveCfg = Debug|Any CPU
		{AF06BF69-A2E2-46A4-B363-E4D7AC28704F}.Debug|Any CPU.Build.0 = Debug|Any CPU
		{AF06BF69-A2E2-46A4-B363-E4D7AC28704F}.Release|Any CPU.ActiveCfg = Release|Any CPU
		{AF06BF69-A2E2-46A4-B363-E4D7AC28704F}.Release|Any CPU.Build.0 = Release|Any CPU
		{D6F9E84B-AC7F-4C10-A3FD-DD1C77863B79}.Debug|Any CPU.ActiveCfg = Debug|Any CPU
		{D6F9E84B-AC7F-4C10-A3FD-DD1C77863B79}.Debug|Any CPU.Build.0 = Debug|Any CPU
		{D6F9E84B-AC7F-4C10-A3FD-DD1C77863B79}.Release|Any CPU.ActiveCfg = Release|Any CPU
		{D6F9E84B-AC7F-4C10-A3FD-DD1C77863B79}.Release|Any CPU.Build.0 = Release|Any CPU
	EndGlobalSection
	GlobalSection(SolutionProperties) = preSolution
		HideSolutionNode = FALSE
	EndGlobalSection
	GlobalSection(ExtensibilityGlobals) = postSolution
		SolutionGuid = {6F5286FE-5073-4985-84EE-B09EF35068C0}
	EndGlobalSection
EndGlobal
